<?xml version="1.0" encoding="utf-8"?>
<Project ToolsVersion="4.0" xmlns="http://schemas.microsoft.com/developer/msbuild/2003">
  <ItemGroup>
    <Filter Include="Source Files">
      <UniqueIdentifier>{4FC737F1-C7A5-4376-A066-2A32D752A2FF}</UniqueIdentifier>
      <Extensions>cpp;c;cc;cxx;def;odl;idl;hpj;bat;asm;asmx</Extensions>
    </Filter>
    <Filter Include="Header Files">
      <UniqueIdentifier>{93995380-89BD-4b04-88EB-625FBE52EBFB}</UniqueIdentifier>
      <Extensions>h;hh;hpp;hxx;hm;inl;inc;xsd</Extensions>
    </Filter>
    <Filter Include="Resource Files">
      <UniqueIdentifier>{D9D6E242-F8AF-46E4-B9FD-80ECBC20BA3E}</UniqueIdentifier>
      <Extensions>qrc;*</Extensions>
      <ParseFiles>false</ParseFiles>
    </Filter>
    <Filter Include="Form Files">
      <UniqueIdentifier>{99349809-55BA-4b9d-BF79-8FDBB0286EB3}</UniqueIdentifier>
      <Extensions>ui</Extensions>
    </Filter>
    <Filter Include="Resource Files">
      <UniqueIdentifier>{D9D6E242-F8AF-46E4-B9FD-80ECBC20BA3E}</UniqueIdentifier>
      <Extensions>qrc;*</Extensions>
      <ParseFiles>false</ParseFiles>
    </Filter>
    <Filter Include="Generated Files">
      <UniqueIdentifier>{71ED8ED8-ACB9-4CE9-BBE1-E00B30144E11}</UniqueIdentifier>
      <Extensions>moc;h;cpp</Extensions>
      <SourceControlFiles>False</SourceControlFiles>
    </Filter>
    <Filter Include="CustomCtrl">
      <UniqueIdentifier>{0f85271a-6e3a-448b-8434-ff1ec1ed8f91}</UniqueIdentifier>
    </Filter>
    <Filter Include="TableObject">
      <UniqueIdentifier>{55042d7e-9ca5-4d41-91b6-42a66f1c8063}</UniqueIdentifier>
    </Filter>
    <Filter Include="Report">
      <UniqueIdentifier>{7941d837-f0da-412c-b98a-9bf2f3b46880}</UniqueIdentifier>
    </Filter>
    <Filter Include="PopWidget">
      <UniqueIdentifier>{7fa78fe4-2d45-408e-85db-1e84b18dd701}</UniqueIdentifier>
    </Filter>
  </ItemGroup>
  <ItemGroup>
    <ClCompile Include="main.cpp">
      <Filter>Source Files</Filter>
    </ClCompile>
    <ClCompile Include="ChuangfengDesktop.cpp">
      <Filter>Source Files</Filter>
    </ClCompile>
    <ClCompile Include="LoginQWidget.cpp">
      <Filter>Source Files</Filter>
    </ClCompile>
    <ClCompile Include="CustomCtrl\CCheckBoxHeaderView.cpp">
      <Filter>CustomCtrl</Filter>
    </ClCompile>
    <ClCompile Include="CustomCtrl\IconHelper.cpp">
      <Filter>CustomCtrl</Filter>
    </ClCompile>
    <ClCompile Include="CustomCtrl\NoFocusDelegate.cpp">
      <Filter>CustomCtrl</Filter>
    </ClCompile>
    <ClCompile Include="CustomCtrl\QNavButton.cpp">
      <Filter>CustomCtrl</Filter>
    </ClCompile>
    <ClCompile Include="CustomCtrl\QtCustomBaseWnd.cpp">
      <Filter>CustomCtrl</Filter>
    </ClCompile>
    <ClCompile Include="costShareObject.cpp">
      <Filter>TableObject</Filter>
    </ClCompile>
    <ClCompile Include="non_paymentObject.cpp">
      <Filter>TableObject</Filter>
    </ClCompile>
    <ClCompile Include="QExcel.cpp">
      <Filter>TableObject</Filter>
    </ClCompile>
    <ClCompile Include="StatementObject.cpp">
      <Filter>TableObject</Filter>
    </ClCompile>
    <ClCompile Include="WarehouseObject.cpp">
      <Filter>TableObject</Filter>
    </ClCompile>
    <ClCompile Include="MatterObject.cpp">
      <Filter>TableObject</Filter>
    </ClCompile>
    <ClCompile Include="singleAreaShare.cpp">
      <Filter>TableObject</Filter>
    </ClCompile>
    <ClCompile Include="BaseLayoutManager.cpp">
      <Filter>Source Files</Filter>
    </ClCompile>
    <ClCompile Include="UserLayoutManger.cpp">
      <Filter>Source Files</Filter>
    </ClCompile>
    <ClCompile Include="GeneralLayoutManger.cpp">
      <Filter>Source Files</Filter>
    </ClCompile>
    <ClCompile Include="BakLayoutManager.cpp">
      <Filter>Source Files</Filter>
    </ClCompile>
    <ClCompile Include="NoPayLayoutManager.cpp">
      <Filter>Source Files</Filter>
    </ClCompile>
    <ClCompile Include="CategoryLayoutManager.cpp">
      <Filter>Source Files</Filter>
    </ClCompile>
    <ClCompile Include="AreaLayoutManager.cpp">
      <Filter>Source Files</Filter>
    </ClCompile>
    <ClCompile Include="SupplierLayoutManager.cpp">
      <Filter>Source Files</Filter>
    </ClCompile>
    <ClCompile Include="ShareItemLayoutManager.cpp">
      <Filter>Source Files</Filter>
    </ClCompile>
    <ClCompile Include="DetailAreaLayoutManager.cpp">
      <Filter>Source Files</Filter>
    </ClCompile>
    <ClCompile Include="MaterialManagerWidget.cpp">
      <Filter>Source Files</Filter>
    </ClCompile>
    <ClCompile Include="FeedStoreManagerWdiget.cpp">
      <Filter>Source Files</Filter>
    </ClCompile>
    <ClCompile Include="SingletonHttpRequest.cpp">
      <Filter>Source Files</Filter>
    </ClCompile>
    <ClCompile Include="globalVariable.cpp">
      <Filter>Source Files</Filter>
    </ClCompile>
    <ClCompile Include="FeedingManagerWidget.cpp">
      <Filter>Source Files</Filter>
    </ClCompile>
    <ClCompile Include="MaterielReportManger.cpp">
      <Filter>Report</Filter>
    </ClCompile>
    <ClCompile Include="StoreReportManager.cpp">
      <Filter>Report</Filter>
    </ClCompile>
    <ClCompile Include="NopayReportManger.cpp">
      <Filter>Report</Filter>
    </ClCompile>
    <ClCompile Include="TotalReportManager.cpp">
      <Filter>Report</Filter>
    </ClCompile>
    <ClCompile Include="ShareReportManager.cpp">
      <Filter>Report</Filter>
    </ClCompile>
    <ClCompile Include="DetailShareReportManager.cpp">
      <Filter>Report</Filter>
    </ClCompile>
    <ClCompile Include="MsgPopWidget.cpp">
      <Filter>PopWidget</Filter>
    </ClCompile>
    <ClCompile Include="DescMaterialWidget.cpp">
      <Filter>PopWidget</Filter>
    </ClCompile>
    <ClCompile Include="AddFundDetailWidget.cpp">
      <Filter>PopWidget</Filter>
    </ClCompile>
    <ClCompile Include="CommonDependenceWidget.cpp">
      <Filter>PopWidget</Filter>
    </ClCompile>
    <ClCompile Include="Common2ParamWidget.cpp">
      <Filter>PopWidget</Filter>
    </ClCompile>
    <ClCompile Include="AddUserWidget.cpp">
      <Filter>PopWidget</Filter>
    </ClCompile>
    <ClCompile Include="AddNoPayDetailWidget.cpp">
      <Filter>PopWidget</Filter>
    </ClCompile>
    <ClCompile Include="AddFeedStoreWidget.cpp">
      <Filter>PopWidget</Filter>
    </ClCompile>
    <ClCompile Include="AddFeedingWidget.cpp">
      <Filter>PopWidget</Filter>
    </ClCompile>
    <ClCompile Include="AddMaterialWidget.cpp">
      <Filter>PopWidget</Filter>
    </ClCompile>
    <ClCompile Include="DescFeedStoreWidget.cpp">
      <Filter>PopWidget</Filter>
    </ClCompile>
    <ClCompile Include="yaolog.cpp">
      <Filter>Source Files</Filter>
    </ClCompile>
  </ItemGroup>
  <ItemGroup>
    <QtMoc Include="ChuangfengDesktop.h">
      <Filter>Header Files</Filter>
    </QtMoc>
    <QtMoc Include="CustomCtrl\CCheckBoxHeaderView.h">
      <Filter>CustomCtrl</Filter>
    </QtMoc>
    <QtMoc Include="CustomCtrl\IconHelper.h">
      <Filter>CustomCtrl</Filter>
    </QtMoc>
    <QtMoc Include="CustomCtrl\QNavButton.h">
      <Filter>CustomCtrl</Filter>
    </QtMoc>
    <QtMoc Include="CustomCtrl\QtCustomBaseWnd.h">
      <Filter>CustomCtrl</Filter>
    </QtMoc>
    <QtMoc Include="LoginQWidget.h">
      <Filter>Header Files</Filter>
    </QtMoc>
    <QtMoc Include="costShareObject.h">
      <Filter>TableObject</Filter>
    </QtMoc>
    <QtMoc Include="non_paymentObject.h">
      <Filter>TableObject</Filter>
    </QtMoc>
    <QtMoc Include="StatementObject.h">
      <Filter>TableObject</Filter>
    </QtMoc>
    <QtMoc Include="QExcel.h">
      <Filter>TableObject</Filter>
    </QtMoc>
    <QtMoc Include="WarehouseObject.h">
      <Filter>TableObject</Filter>
    </QtMoc>
    <QtMoc Include="MatterObject.h">
      <Filter>TableObject</Filter>
    </QtMoc>
    <QtMoc Include="singleAreaShare.h">
      <Filter>TableObject</Filter>
    </QtMoc>
    <QtMoc Include="BaseLayoutManager.h">
      <Filter>Header Files</Filter>
    </QtMoc>
    <QtMoc Include="UserLayoutManger.h">
      <Filter>Header Files</Filter>
    </QtMoc>
    <QtMoc Include="GeneralLayoutManger.h">
      <Filter>Header Files</Filter>
    </QtMoc>
    <QtMoc Include="MaterialManagerWidget.h">
      <Filter>Header Files</Filter>
    </QtMoc>
    <QtMoc Include="FeedStoreManagerWdiget.h">
      <Filter>Header Files</Filter>
    </QtMoc>
    <QtMoc Include="BakLayoutManager.h">
      <Filter>Header Files</Filter>
    </QtMoc>
    <QtMoc Include="NoPayLayoutManager.h">
      <Filter>Header Files</Filter>
    </QtMoc>
    <QtMoc Include="SingletonHttpRequest.h">
      <Filter>Header Files</Filter>
    </QtMoc>
    <QtMoc Include="CategoryLayoutManager.h">
      <Filter>Header Files</Filter>
    </QtMoc>
    <QtMoc Include="SupplierLayoutManager.h">
      <Filter>Header Files</Filter>
    </QtMoc>
    <QtMoc Include="AreaLayoutManager.h">
      <Filter>Header Files</Filter>
    </QtMoc>
    <QtMoc Include="DetailAreaLayoutManager.h">
      <Filter>Header Files</Filter>
    </QtMoc>
    <QtMoc Include="ShareItemLayoutManager.h">
      <Filter>Header Files</Filter>
    </QtMoc>
    <QtMoc Include="FeedingManagerWidget.h">
      <Filter>Header Files</Filter>
    </QtMoc>
    <QtMoc Include="TotalReportManager.h">
      <Filter>Report</Filter>
    </QtMoc>
    <QtMoc Include="MaterielReportManger.h">
      <Filter>Report</Filter>
    </QtMoc>
    <QtMoc Include="NopayReportManger.h">
      <Filter>Report</Filter>
    </QtMoc>
    <QtMoc Include="ShareReportManager.h">
      <Filter>Report</Filter>
    </QtMoc>
    <QtMoc Include="StoreReportManager.h">
      <Filter>Report</Filter>
    </QtMoc>
    <QtMoc Include="DetailShareReportManager.h">
      <Filter>Report</Filter>
    </QtMoc>
    <QtMoc Include="AddFundDetailWidget.h">
      <Filter>PopWidget</Filter>
    </QtMoc>
    <QtMoc Include="AddNoPayDetailWidget.h">
      <Filter>PopWidget</Filter>
    </QtMoc>
    <QtMoc Include="AddUserWidget.h">
      <Filter>PopWidget</Filter>
    </QtMoc>
    <QtMoc Include="AddMaterialWidget.h">
      <Filter>PopWidget</Filter>
    </QtMoc>
    <QtMoc Include="AddFeedStoreWidget.h">
      <Filter>PopWidget</Filter>
    </QtMoc>
    <QtMoc Include="AddFeedingWidget.h">
      <Filter>PopWidget</Filter>
    </QtMoc>
    <QtMoc Include="DescMaterialWidget.h">
      <Filter>PopWidget</Filter>
    </QtMoc>
    <QtMoc Include="DescFeedStoreWidget.h">
      <Filter>PopWidget</Filter>
    </QtMoc>
    <QtMoc Include="Common2ParamWidget.h">
      <Filter>PopWidget</Filter>
    </QtMoc>
    <QtMoc Include="CommonDependenceWidget.h">
      <Filter>PopWidget</Filter>
    </QtMoc>
    <QtMoc Include="MsgPopWidget.h">
      <Filter>PopWidget</Filter>
    </QtMoc>
  </ItemGroup>
  <ItemGroup>
    <QtUic Include="LoginQWidget.ui">
      <Filter>Form Files</Filter>
    </QtUic>
    <QtUic Include="ChuangfengDesktop.ui">
      <Filter>Form Files</Filter>
    </QtUic>
    <QtUic Include="MaterialQWidget.ui">
      <Filter>Form Files</Filter>
    </QtUic>
    <QtUic Include="FeedStoreQwidget.ui">
      <Filter>Form Files</Filter>
    </QtUic>
    <QtUic Include="BakManagerQWidget.ui">
      <Filter>Form Files</Filter>
    </QtUic>
    <QtUic Include="GeneralManagerQWidget.ui">
      <Filter>Form Files</Filter>
    </QtUic>
    <QtUic Include="MaterielReportManagerQWidget.ui">
      <Filter>Form Files</Filter>
    </QtUic>
    <QtUic Include="NopayManagerQWidget.ui">
      <Filter>Form Files</Filter>
    </QtUic>
    <QtUic Include="NoPayReportManagerQWidget.ui">
      <Filter>Form Files</Filter>
    </QtUic>
    <QtUic Include="ShareDetailManagerQWidget.ui">
      <Filter>Form Files</Filter>
    </QtUic>
    <QtUic Include="ShareReportManagerQWidget.ui">
      <Filter>Form Files</Filter>
    </QtUic>
    <QtUic Include="StoreReportManagerQWidget.ui">
      <Filter>Form Files</Filter>
    </QtUic>
    <QtUic Include="TotalReportManagerQWidget.ui">
      <Filter>Form Files</Filter>
    </QtUic>
    <QtUic Include="addUserWidget.ui">
      <Filter>Form Files</Filter>
    </QtUic>
    <QtUic Include="common2ParamWidget.ui">
      <Filter>Form Files</Filter>
    </QtUic>
    <QtUic Include="commonDependenceAreaWidget.ui">
      <Filter>Form Files</Filter>
    </QtUic>
    <QtUic Include="addFundDetailWidget.ui">
      <Filter>Form Files</Filter>
    </QtUic>
    <QtUic Include="addNopayDetailWidget.ui">
      <Filter>Form Files</Filter>
    </QtUic>
    <QtUic Include="MsgPopWidget.ui">
      <Filter>Form Files</Filter>
    </QtUic>
    <QtUic Include="materialStorgeWidget.ui">
      <Filter>Form Files</Filter>
    </QtUic>
    <QtUic Include="DescMaterialWidget.ui">
      <Filter>Form Files</Filter>
    </QtUic>
    <QtUic Include="AddFeedStoreWidget.ui">
      <Filter>Form Files</Filter>
    </QtUic>
    <QtUic Include="DescFeedStoreWidget.ui">
      <Filter>Form Files</Filter>
    </QtUic>
    <QtUic Include="FeedingWidget.ui">
      <Filter>Form Files</Filter>
    </QtUic>
    <QtUic Include="AddFeedingWidget.ui">
      <Filter>Form Files</Filter>
    </QtUic>
  </ItemGroup>
  <ItemGroup>
    <QtRcc Include="ChuangfengDesktop.qrc">
      <Filter>Resource Files</Filter>
    </QtRcc>
  </ItemGroup>
  <ItemGroup>
    <ClInclude Include="CustomCtrl\NoFocusDelegate.h">
      <Filter>CustomCtrl</Filter>
    </ClInclude>
    <ClInclude Include="commomdef.h">
      <Filter>Header Files</Filter>
    </ClInclude>
    <ClInclude Include="ThreadPool.hpp">
      <Filter>Header Files</Filter>
    </ClInclude>
    <ClInclude Include="globalVariable.h">
      <Filter>Header Files</Filter>
    </ClInclude>
    <ClInclude Include="resource.h">
      <Filter>Header Files</Filter>
    </ClInclude>
    <ClInclude Include="yaolog.h">
      <Filter>Header Files</Filter>
    </ClInclude>
  </ItemGroup>
  <ItemGroup>
    <None Include="style.css" />
  </ItemGroup>
  <ItemGroup>
    <ResourceCompile Include="ChuangfengDesktop.rc" />
  </ItemGroup>
  <ItemGroup>
    <Image Include="icon1.ico" />
  </ItemGroup>
</Project>